
Microsoft Visual Studio Solution File, Format Version 12.00
# Visual Studio Version 17
VisualStudioVersion = 17.0.31903.59
MinimumVisualStudioVersion = 10.0.40219.1
Project("{2150E333-8FDC-42A3-9474-1A3956D46DE8}") = "dataaccess", "dataaccess", "{3B2F080B-A21E-720E-495A-642C74935B15}"
EndProject
Project("{FAE04EC0-301F-11D3-BF4B-00C04F79EFBC}") = "DataAccess", "dataaccess\DataAccess.csproj", "{9C9643DC-8A7C-49DC-B842-5CEAD24B7858}"
EndProject
Project("{FAE04EC0-301F-11D3-BF4B-00C04F79EFBC}") = "Api", "Api\Api.csproj", "{50C3229F-AA2E-489F-8520-0CEFA4CAF5D8}"
EndProject
Project("{FAE04EC0-301F-11D3-BF4B-00C04F79EFBC}") = "Tests", "Tests\Tests.csproj", "{8B06DD02-F38F-44C4-B456-579FFAD3DD69}"
EndProject
Global
	GlobalSection(SolutionConfigurationPlatforms) = preSolution
		Debug|Any CPU = Debug|Any CPU
		Debug|x64 = Debug|x64
		Debug|x86 = Debug|x86
		Release|Any CPU = Release|Any CPU
		Release|x64 = Release|x64
		Release|x86 = Release|x86
	EndGlobalSection
	GlobalSection(ProjectConfigurationPlatforms) = postSolution
		{9C9643DC-8A7C-49DC-B842-5CEAD24B7858}.Debug|Any CPU.ActiveCfg = Debug|Any CPU
		{9C9643DC-8A7C-49DC-B842-5CEAD24B7858}.Debug|Any CPU.Build.0 = Debug|Any CPU
		{9C9643DC-8A7C-49DC-B842-5CEAD24B7858}.Debug|x64.ActiveCfg = Debug|Any CPU
		{9C9643DC-8A7C-49DC-B842-5CEAD24B7858}.Debug|x64.Build.0 = Debug|Any CPU
		{9C9643DC-8A7C-49DC-B842-5CEAD24B7858}.Debug|x86.ActiveCfg = Debug|Any CPU
		{9C9643DC-8A7C-49DC-B842-5CEAD24B7858}.Debug|x86.Build.0 = Debug|Any CPU
		{9C9643DC-8A7C-49DC-B842-5CEAD24B7858}.Release|Any CPU.ActiveCfg = Release|Any CPU
		{9C9643DC-8A7C-49DC-B842-5CEAD24B7858}.Release|Any CPU.Build.0 = Release|Any CPU
		{9C9643DC-8A7C-49DC-B842-5CEAD24B7858}.Release|x64.ActiveCfg = Release|Any CPU
		{9C9643DC-8A7C-49DC-B842-5CEAD24B7858}.Release|x64.Build.0 = Release|Any CPU
		{9C9643DC-8A7C-49DC-B842-5CEAD24B7858}.Release|x86.ActiveCfg = Release|Any CPU
		{9C9643DC-8A7C-49DC-B842-5CEAD24B7858}.Release|x86.Build.0 = Release|Any CPU
		{50C3229F-AA2E-489F-8520-0CEFA4CAF5D8}.Debug|Any CPU.ActiveCfg = Debug|Any CPU
		{50C3229F-AA2E-489F-8520-0CEFA4CAF5D8}.Debug|Any CPU.Build.0 = Debug|Any CPU
		{50C3229F-AA2E-489F-8520-0CEFA4CAF5D8}.Debug|x64.ActiveCfg = Debug|Any CPU
		{50C3229F-AA2E-489F-8520-0CEFA4CAF5D8}.Debug|x64.Build.0 = Debug|Any CPU
		{50C3229F-AA2E-489F-8520-0CEFA4CAF5D8}.Debug|x86.ActiveCfg = Debug|Any CPU
		{50C3229F-AA2E-489F-8520-0CEFA4CAF5D8}.Debug|x86.Build.0 = Debug|Any CPU
		{50C3229F-AA2E-489F-8520-0CEFA4CAF5D8}.Release|Any CPU.ActiveCfg = Release|Any CPU
		{50C3229F-AA2E-489F-8520-0CEFA4CAF5D8}.Release|Any CPU.Build.0 = Release|Any CPU
		{50C3229F-AA2E-489F-8520-0CEFA4CAF5D8}.Release|x64.ActiveCfg = Release|Any CPU
		{50C3229F-AA2E-489F-8520-0CEFA4CAF5D8}.Release|x64.Build.0 = Release|Any CPU
		{50C3229F-AA2E-489F-8520-0CEFA4CAF5D8}.Release|x86.ActiveCfg = Release|Any CPU
		{50C3229F-AA2E-489F-8520-0CEFA4CAF5D8}.Release|x86.Build.0 = Release|Any CPU
		{8B06DD02-F38F-44C4-B456-579FFAD3DD69}.Debug|Any CPU.ActiveCfg = Debug|Any CPU
		{8B06DD02-F38F-44C4-B456-579FFAD3DD69}.Debug|Any CPU.Build.0 = Debug|Any CPU
		{8B06DD02-F38F-44C4-B456-579FFAD3DD69}.Debug|x64.ActiveCfg = Debug|Any CPU
		{8B06DD02-F38F-44C4-B456-579FFAD3DD69}.Debug|x64.Build.0 = Debug|Any CPU
		{8B06DD02-F38F-44C4-B456-579FFAD3DD69}.Debug|x86.ActiveCfg = Debug|Any CPU
		{8B06DD02-F38F-44C4-B456-579FFAD3DD69}.Debug|x86.Build.0 = Debug|Any CPU
		{8B06DD02-F38F-44C4-B456-579FFAD3DD69}.Release|Any CPU.ActiveCfg = Release|Any CPU
		{8B06DD02-F38F-44C4-B456-579FFAD3DD69}.Release|Any CPU.Build.0 = Release|Any CPU
		{8B06DD02-F38F-44C4-B456-579FFAD3DD69}.Release|x64.ActiveCfg = Release|Any CPU
		{8B06DD02-F38F-44C4-B456-579FFAD3DD69}.Release|x64.Build.0 = Release|Any CPU
		{8B06DD02-F38F-44C4-B456-579FFAD3DD69}.Release|x86.ActiveCfg = Release|Any CPU
		{8B06DD02-F38F-44C4-B456-579FFAD3DD69}.Release|x86.Build.0 = Release|Any CPU
	EndGlobalSection
	GlobalSection(SolutionProperties) = preSolution
		HideSolutionNode = FALSE
	EndGlobalSection
	GlobalSection(NestedProjects) = preSolution
		{9C9643DC-8A7C-49DC-B842-5CEAD24B7858} = {3B2F080B-A21E-720E-495A-642C74935B15}
	EndGlobalSection
EndGlobal
